
Microsoft Visual Studio Solution File, Format Version 12.00
# Visual Studio Version 16
VisualStudioVersion = 16.0.30225.117
MinimumVisualStudioVersion = 10.0.40219.1
Project("{FAE04EC0-301F-11D3-BF4B-00C04F79EFBC}") = "01. Match Full Name", "01. Match Full Name\01. Match Full Name.csproj", "{0D93D403-39ED-4AF1-AB53-511B439B7055}"
EndProject
Project("{FAE04EC0-301F-11D3-BF4B-00C04F79EFBC}") = "02. Match Phone Number", "02. Match Phone Number\02. Match Phone Number.csproj", "{23340E03-FE37-48D2-A90D-4BE9DFC84AF4}"
EndProject
Project("{FAE04EC0-301F-11D3-BF4B-00C04F79EFBC}") = "03. Match Dates", "03. Match Dates\03. Match Dates.csproj", "{2DD1FCD6-5C01-40DF-B3A8-2B9CF844D42B}"
EndProject
Global
	GlobalSection(SolutionConfigurationPlatforms) = preSolution
		Debug|Any CPU = Debug|Any CPU
		Release|Any CPU = Release|Any CPU
	EndGlobalSection
	GlobalSection(ProjectConfigurationPlatforms) = postSolution
		{0D93D403-39ED-4AF1-AB53-511B439B7055}.Debug|Any CPU.ActiveCfg = Debug|Any CPU
		{0D93D403-39ED-4AF1-AB53-511B439B7055}.Debug|Any CPU.Build.0 = Debug|Any CPU
		{0D93D403-39ED-4AF1-AB53-511B439B7055}.Release|Any CPU.ActiveCfg = Release|Any CPU
		{0D93D403-39ED-4AF1-AB53-511B439B7055}.Release|Any CPU.Build.0 = Release|Any CPU
		{23340E03-FE37-48D2-A90D-4BE9DFC84AF4}.Debug|Any CPU.ActiveCfg = Debug|Any CPU
		{23340E03-FE37-48D2-A90D-4BE9DFC84AF4}.Debug|Any CPU.Build.0 = Debug|Any CPU
		{23340E03-FE37-48D2-A90D-4BE9DFC84AF4}.Release|Any CPU.ActiveCfg = Release|Any CPU
		{23340E03-FE37-48D2-A90D-4BE9DFC84AF4}.Release|Any CPU.Build.0 = Release|Any CPU
		{2DD1FCD6-5C01-40DF-B3A8-2B9CF844D42B}.Debug|Any CPU.ActiveCfg = Debug|Any CPU
		{2DD1FCD6-5C01-40DF-B3A8-2B9CF844D42B}.Debug|Any CPU.Build.0 = Debug|Any CPU
		{2DD1FCD6-5C01-40DF-B3A8-2B9CF844D42B}.Release|Any CPU.ActiveCfg = Release|Any CPU
		{2DD1FCD6-5C01-40DF-B3A8-2B9CF844D42B}.Release|Any CPU.Build.0 = Release|Any CPU
	EndGlobalSection
	GlobalSection(SolutionProperties) = preSolution
		HideSolutionNode = FALSE
	EndGlobalSection
	GlobalSection(ExtensibilityGlobals) = postSolution
		SolutionGuid = {4398C78E-156F-45D8-A2A1-F3389E8D8D28}
	EndGlobalSection
EndGlobal
