
Microsoft Visual Studio Solution File, Format Version 12.00
# Visual Studio Version 16
VisualStudioVersion = 16.0.30413.136
MinimumVisualStudioVersion = 10.0.40219.1
Project("{9A19103F-16F7-4668-BE54-9A1E7A4F7556}") = "02. Snake", "02. Snake\02. Snake.csproj", "{42CB4DCE-FC6D-4DB8-9777-D945918A59CD}"
EndProject
Project("{9A19103F-16F7-4668-BE54-9A1E7A4F7556}") = "02. Bee", "02. Bee\02. Bee.csproj", "{7A650B3E-CE1F-4D6B-B708-F9094856BEA1}"
EndProject
Project("{9A19103F-16F7-4668-BE54-9A1E7A4F7556}") = "02. Re-Volt", "02. Re-Volt\02. Re-Volt.csproj", "{16920F36-58C9-472D-957E-384C201C15FD}"
EndProject
Project("{9A19103F-16F7-4668-BE54-9A1E7A4F7556}") = "2. Present Delivery", "2. Present Delivery\2. Present Delivery.csproj", "{D8DB811F-1BFA-4D34-A089-75DDFFFFC7E9}"
EndProject
Project("{9A19103F-16F7-4668-BE54-9A1E7A4F7556}") = "2. Book Worm", "2. Book Worm\2. Book Worm.csproj", "{97702690-AC91-4648-9271-BBA90EC91984}"
EndProject
Project("{9A19103F-16F7-4668-BE54-9A1E7A4F7556}") = "02. Tron Racers", "02. Tron Racers\02. Tron Racers.csproj", "{8CCF6C4D-193A-4422-80F4-255D639E5504}"
EndProject
Project("{FAE04EC0-301F-11D3-BF4B-00C04F79EFBC}") = "02. Garden", "02. Garden\02. Garden.csproj", "{9C4F80DB-8078-4AC7-A2BB-5417F2C388D6}"
EndProject
Global
	GlobalSection(SolutionConfigurationPlatforms) = preSolution
		Debug|Any CPU = Debug|Any CPU
		Release|Any CPU = Release|Any CPU
	EndGlobalSection
	GlobalSection(ProjectConfigurationPlatforms) = postSolution
		{42CB4DCE-FC6D-4DB8-9777-D945918A59CD}.Debug|Any CPU.ActiveCfg = Debug|Any CPU
		{42CB4DCE-FC6D-4DB8-9777-D945918A59CD}.Debug|Any CPU.Build.0 = Debug|Any CPU
		{42CB4DCE-FC6D-4DB8-9777-D945918A59CD}.Release|Any CPU.ActiveCfg = Release|Any CPU
		{42CB4DCE-FC6D-4DB8-9777-D945918A59CD}.Release|Any CPU.Build.0 = Release|Any CPU
		{7A650B3E-CE1F-4D6B-B708-F9094856BEA1}.Debug|Any CPU.ActiveCfg = Debug|Any CPU
		{7A650B3E-CE1F-4D6B-B708-F9094856BEA1}.Debug|Any CPU.Build.0 = Debug|Any CPU
		{7A650B3E-CE1F-4D6B-B708-F9094856BEA1}.Release|Any CPU.ActiveCfg = Release|Any CPU
		{7A650B3E-CE1F-4D6B-B708-F9094856BEA1}.Release|Any CPU.Build.0 = Release|Any CPU
		{16920F36-58C9-472D-957E-384C201C15FD}.Debug|Any CPU.ActiveCfg = Debug|Any CPU
		{16920F36-58C9-472D-957E-384C201C15FD}.Debug|Any CPU.Build.0 = Debug|Any CPU
		{16920F36-58C9-472D-957E-384C201C15FD}.Release|Any CPU.ActiveCfg = Release|Any CPU
		{16920F36-58C9-472D-957E-384C201C15FD}.Release|Any CPU.Build.0 = Release|Any CPU
		{D8DB811F-1BFA-4D34-A089-75DDFFFFC7E9}.Debug|Any CPU.ActiveCfg = Debug|Any CPU
		{D8DB811F-1BFA-4D34-A089-75DDFFFFC7E9}.Debug|Any CPU.Build.0 = Debug|Any CPU
		{D8DB811F-1BFA-4D34-A089-75DDFFFFC7E9}.Release|Any CPU.ActiveCfg = Release|Any CPU
		{D8DB811F-1BFA-4D34-A089-75DDFFFFC7E9}.Release|Any CPU.Build.0 = Release|Any CPU
		{97702690-AC91-4648-9271-BBA90EC91984}.Debug|Any CPU.ActiveCfg = Debug|Any CPU
		{97702690-AC91-4648-9271-BBA90EC91984}.Debug|Any CPU.Build.0 = Debug|Any CPU
		{97702690-AC91-4648-9271-BBA90EC91984}.Release|Any CPU.ActiveCfg = Release|Any CPU
		{97702690-AC91-4648-9271-BBA90EC91984}.Release|Any CPU.Build.0 = Release|Any CPU
		{8CCF6C4D-193A-4422-80F4-255D639E5504}.Debug|Any CPU.ActiveCfg = Debug|Any CPU
		{8CCF6C4D-193A-4422-80F4-255D639E5504}.Debug|Any CPU.Build.0 = Debug|Any CPU
		{8CCF6C4D-193A-4422-80F4-255D639E5504}.Release|Any CPU.ActiveCfg = Release|Any CPU
		{8CCF6C4D-193A-4422-80F4-255D639E5504}.Release|Any CPU.Build.0 = Release|Any CPU
		{9C4F80DB-8078-4AC7-A2BB-5417F2C388D6}.Debug|Any CPU.ActiveCfg = Debug|Any CPU
		{9C4F80DB-8078-4AC7-A2BB-5417F2C388D6}.Debug|Any CPU.Build.0 = Debug|Any CPU
		{9C4F80DB-8078-4AC7-A2BB-5417F2C388D6}.Release|Any CPU.ActiveCfg = Release|Any CPU
		{9C4F80DB-8078-4AC7-A2BB-5417F2C388D6}.Release|Any CPU.Build.0 = Release|Any CPU
	EndGlobalSection
	GlobalSection(SolutionProperties) = preSolution
		HideSolutionNode = FALSE
	EndGlobalSection
	GlobalSection(ExtensibilityGlobals) = postSolution
		SolutionGuid = {DCB3D105-21C5-45D0-A6A3-E6528C73D315}
	EndGlobalSection
EndGlobal
