
Microsoft Visual Studio Solution File, Format Version 12.00
# Visual Studio Version 16
VisualStudioVersion = 16.0.29709.97
MinimumVisualStudioVersion = 10.0.40219.1
Project("{FAE04EC0-301F-11D3-BF4B-00C04F79EFBC}") = "01. Moon", "01. Moon\01. Moon.csproj", "{174EE847-2647-4CC8-AFC8-1D083D3A27DD}"
EndProject
Project("{FAE04EC0-301F-11D3-BF4B-00C04F79EFBC}") = "03. Computer Room", "03. Computer Room\03. Computer Room.csproj", "{59072E0C-56AF-4CF1-9ED5-84C3CCD690FA}"
EndProject
Project("{FAE04EC0-301F-11D3-BF4B-00C04F79EFBC}") = "04. Gifts from Santa", "04. Gifts from Santa\04. Gifts from Santa.csproj", "{594EE446-D64B-48DF-9FCC-4AFFD4034F55}"
EndProject
Project("{FAE04EC0-301F-11D3-BF4B-00C04F79EFBC}") = "05. Own Bussiness", "05. Own Bussiness\05. Own Bussiness.csproj", "{673798EC-6E73-41AC-AC6C-0415C1E22B3B}"
EndProject
Project("{FAE04EC0-301F-11D3-BF4B-00C04F79EFBC}") = "06. Unique PIN Codes", "06. Unique PIN Codes\06. Unique PIN Codes.csproj", "{6F39C052-C6F4-4F13-A940-74D2CB2C4F55}"
EndProject
Global
	GlobalSection(SolutionConfigurationPlatforms) = preSolution
		Debug|Any CPU = Debug|Any CPU
		Release|Any CPU = Release|Any CPU
	EndGlobalSection
	GlobalSection(ProjectConfigurationPlatforms) = postSolution
		{174EE847-2647-4CC8-AFC8-1D083D3A27DD}.Debug|Any CPU.ActiveCfg = Debug|Any CPU
		{174EE847-2647-4CC8-AFC8-1D083D3A27DD}.Debug|Any CPU.Build.0 = Debug|Any CPU
		{174EE847-2647-4CC8-AFC8-1D083D3A27DD}.Release|Any CPU.ActiveCfg = Release|Any CPU
		{174EE847-2647-4CC8-AFC8-1D083D3A27DD}.Release|Any CPU.Build.0 = Release|Any CPU
		{59072E0C-56AF-4CF1-9ED5-84C3CCD690FA}.Debug|Any CPU.ActiveCfg = Debug|Any CPU
		{59072E0C-56AF-4CF1-9ED5-84C3CCD690FA}.Debug|Any CPU.Build.0 = Debug|Any CPU
		{59072E0C-56AF-4CF1-9ED5-84C3CCD690FA}.Release|Any CPU.ActiveCfg = Release|Any CPU
		{59072E0C-56AF-4CF1-9ED5-84C3CCD690FA}.Release|Any CPU.Build.0 = Release|Any CPU
		{594EE446-D64B-48DF-9FCC-4AFFD4034F55}.Debug|Any CPU.ActiveCfg = Debug|Any CPU
		{594EE446-D64B-48DF-9FCC-4AFFD4034F55}.Debug|Any CPU.Build.0 = Debug|Any CPU
		{594EE446-D64B-48DF-9FCC-4AFFD4034F55}.Release|Any CPU.ActiveCfg = Release|Any CPU
		{594EE446-D64B-48DF-9FCC-4AFFD4034F55}.Release|Any CPU.Build.0 = Release|Any CPU
		{673798EC-6E73-41AC-AC6C-0415C1E22B3B}.Debug|Any CPU.ActiveCfg = Debug|Any CPU
		{673798EC-6E73-41AC-AC6C-0415C1E22B3B}.Debug|Any CPU.Build.0 = Debug|Any CPU
		{673798EC-6E73-41AC-AC6C-0415C1E22B3B}.Release|Any CPU.ActiveCfg = Release|Any CPU
		{673798EC-6E73-41AC-AC6C-0415C1E22B3B}.Release|Any CPU.Build.0 = Release|Any CPU
		{6F39C052-C6F4-4F13-A940-74D2CB2C4F55}.Debug|Any CPU.ActiveCfg = Debug|Any CPU
		{6F39C052-C6F4-4F13-A940-74D2CB2C4F55}.Debug|Any CPU.Build.0 = Debug|Any CPU
		{6F39C052-C6F4-4F13-A940-74D2CB2C4F55}.Release|Any CPU.ActiveCfg = Release|Any CPU
		{6F39C052-C6F4-4F13-A940-74D2CB2C4F55}.Release|Any CPU.Build.0 = Release|Any CPU
	EndGlobalSection
	GlobalSection(SolutionProperties) = preSolution
		HideSolutionNode = FALSE
	EndGlobalSection
	GlobalSection(ExtensibilityGlobals) = postSolution
		SolutionGuid = {D87E39F4-9400-471D-88EE-BF9453C07272}
	EndGlobalSection
EndGlobal
