
Microsoft Visual Studio Solution File, Format Version 12.00
# Visual Studio Version 16
VisualStudioVersion = 16.0.30320.27
MinimumVisualStudioVersion = 10.0.40219.1
Project("{9A19103F-16F7-4668-BE54-9A1E7A4F7556}") = "01. Furniture", "01. Furniture\01. Furniture.csproj", "{CE3C7A86-F059-4B82-AD64-9D4D3E1597C5}"
EndProject
Project("{9A19103F-16F7-4668-BE54-9A1E7A4F7556}") = "02. Race", "02. Race\02. Race.csproj", "{67E1EA36-CC47-40C8-856F-BACF6DD05B1A}"
EndProject
Project("{9A19103F-16F7-4668-BE54-9A1E7A4F7556}") = "03. SoftUni Bar Income", "03. SoftUni Bar Income\03. SoftUni Bar Income.csproj", "{982FA009-444B-42E0-84AB-5B11DB0DE5F2}"
EndProject
Project("{9A19103F-16F7-4668-BE54-9A1E7A4F7556}") = "04. Star Enigma", "04. Star Enigma\04. Star Enigma.csproj", "{B2F08418-9E15-4ADE-89D8-5E766C371C92}"
EndProject
Project("{FAE04EC0-301F-11D3-BF4B-00C04F79EFBC}") = "06. Extract Emails", "06. Extract Emails\06. Extract Emails.csproj", "{31CB9243-B042-416C-A49B-3F7A872B170B}"
EndProject
Project("{FAE04EC0-301F-11D3-BF4B-00C04F79EFBC}") = "05. Nether Realms", "05. Nether Realms\05. Nether Realms.csproj", "{BBC4A42D-B0AF-469B-AA10-543A45F473A1}"
EndProject
Global
	GlobalSection(SolutionConfigurationPlatforms) = preSolution
		Debug|Any CPU = Debug|Any CPU
		Release|Any CPU = Release|Any CPU
	EndGlobalSection
	GlobalSection(ProjectConfigurationPlatforms) = postSolution
		{CE3C7A86-F059-4B82-AD64-9D4D3E1597C5}.Debug|Any CPU.ActiveCfg = Debug|Any CPU
		{CE3C7A86-F059-4B82-AD64-9D4D3E1597C5}.Debug|Any CPU.Build.0 = Debug|Any CPU
		{CE3C7A86-F059-4B82-AD64-9D4D3E1597C5}.Release|Any CPU.ActiveCfg = Release|Any CPU
		{CE3C7A86-F059-4B82-AD64-9D4D3E1597C5}.Release|Any CPU.Build.0 = Release|Any CPU
		{67E1EA36-CC47-40C8-856F-BACF6DD05B1A}.Debug|Any CPU.ActiveCfg = Debug|Any CPU
		{67E1EA36-CC47-40C8-856F-BACF6DD05B1A}.Debug|Any CPU.Build.0 = Debug|Any CPU
		{67E1EA36-CC47-40C8-856F-BACF6DD05B1A}.Release|Any CPU.ActiveCfg = Release|Any CPU
		{67E1EA36-CC47-40C8-856F-BACF6DD05B1A}.Release|Any CPU.Build.0 = Release|Any CPU
		{982FA009-444B-42E0-84AB-5B11DB0DE5F2}.Debug|Any CPU.ActiveCfg = Debug|Any CPU
		{982FA009-444B-42E0-84AB-5B11DB0DE5F2}.Debug|Any CPU.Build.0 = Debug|Any CPU
		{982FA009-444B-42E0-84AB-5B11DB0DE5F2}.Release|Any CPU.ActiveCfg = Release|Any CPU
		{982FA009-444B-42E0-84AB-5B11DB0DE5F2}.Release|Any CPU.Build.0 = Release|Any CPU
		{B2F08418-9E15-4ADE-89D8-5E766C371C92}.Debug|Any CPU.ActiveCfg = Debug|Any CPU
		{B2F08418-9E15-4ADE-89D8-5E766C371C92}.Debug|Any CPU.Build.0 = Debug|Any CPU
		{B2F08418-9E15-4ADE-89D8-5E766C371C92}.Release|Any CPU.ActiveCfg = Release|Any CPU
		{B2F08418-9E15-4ADE-89D8-5E766C371C92}.Release|Any CPU.Build.0 = Release|Any CPU
		{31CB9243-B042-416C-A49B-3F7A872B170B}.Debug|Any CPU.ActiveCfg = Debug|Any CPU
		{31CB9243-B042-416C-A49B-3F7A872B170B}.Debug|Any CPU.Build.0 = Debug|Any CPU
		{31CB9243-B042-416C-A49B-3F7A872B170B}.Release|Any CPU.ActiveCfg = Release|Any CPU
		{31CB9243-B042-416C-A49B-3F7A872B170B}.Release|Any CPU.Build.0 = Release|Any CPU
		{BBC4A42D-B0AF-469B-AA10-543A45F473A1}.Debug|Any CPU.ActiveCfg = Debug|Any CPU
		{BBC4A42D-B0AF-469B-AA10-543A45F473A1}.Debug|Any CPU.Build.0 = Debug|Any CPU
		{BBC4A42D-B0AF-469B-AA10-543A45F473A1}.Release|Any CPU.ActiveCfg = Release|Any CPU
		{BBC4A42D-B0AF-469B-AA10-543A45F473A1}.Release|Any CPU.Build.0 = Release|Any CPU
	EndGlobalSection
	GlobalSection(SolutionProperties) = preSolution
		HideSolutionNode = FALSE
	EndGlobalSection
	GlobalSection(ExtensibilityGlobals) = postSolution
		SolutionGuid = {B9BF8250-B6BC-4386-9667-3CF2EB82FE6F}
	EndGlobalSection
EndGlobal
