
Microsoft Visual Studio Solution File, Format Version 12.00
# Visual Studio Version 16
VisualStudioVersion = 16.0.30204.135
MinimumVisualStudioVersion = 10.0.40219.1
Project("{9A19103F-16F7-4668-BE54-9A1E7A4F7556}") = "01. Sum Adjacent Equal Numbers", "01. Sum Adjacent Equal Numbers\01. Sum Adjacent Equal Numbers.csproj", "{EBF49683-81CA-454B-9815-D405B5E9C63C}"
EndProject
Project("{9A19103F-16F7-4668-BE54-9A1E7A4F7556}") = "02. Gauss' Trick", "02. Gauss' Trick\02. Gauss' Trick.csproj", "{A5A38EDF-518C-400D-AE6F-EAA867D15185}"
EndProject
Project("{9A19103F-16F7-4668-BE54-9A1E7A4F7556}") = "03. Merging Lists", "03. Merging Lists\03. Merging Lists.csproj", "{8856FB7B-9798-422F-803F-1F045273EA73}"
EndProject
Project("{9A19103F-16F7-4668-BE54-9A1E7A4F7556}") = "04. List of Products", "04. List of Products\04. List of Products.csproj", "{B18D4C0D-ECA5-4FB7-98DF-3B13E864AE93}"
EndProject
Project("{9A19103F-16F7-4668-BE54-9A1E7A4F7556}") = "05. Remove Negatives and Reverse", "05. Remove Negatives and Reverse\05. Remove Negatives and Reverse.csproj", "{3FEDDE8B-876A-4F96-B53D-8C0135562047}"
EndProject
Project("{FAE04EC0-301F-11D3-BF4B-00C04F79EFBC}") = "06. List Manipulation Basics", "06. List Manipulation Basics\06. List Manipulation Basics.csproj", "{23BE4EA6-2CA7-49E9-83EE-002D0BD3DFD0}"
EndProject
Project("{FAE04EC0-301F-11D3-BF4B-00C04F79EFBC}") = "07. List Manipulation Advanced", "07. List Manipulation Advanced\07. List Manipulation Advanced.csproj", "{E1923B72-3A77-43B0-8680-48C9F05A03F2}"
EndProject
Global
	GlobalSection(SolutionConfigurationPlatforms) = preSolution
		Debug|Any CPU = Debug|Any CPU
		Release|Any CPU = Release|Any CPU
	EndGlobalSection
	GlobalSection(ProjectConfigurationPlatforms) = postSolution
		{EBF49683-81CA-454B-9815-D405B5E9C63C}.Debug|Any CPU.ActiveCfg = Debug|Any CPU
		{EBF49683-81CA-454B-9815-D405B5E9C63C}.Debug|Any CPU.Build.0 = Debug|Any CPU
		{EBF49683-81CA-454B-9815-D405B5E9C63C}.Release|Any CPU.ActiveCfg = Release|Any CPU
		{EBF49683-81CA-454B-9815-D405B5E9C63C}.Release|Any CPU.Build.0 = Release|Any CPU
		{A5A38EDF-518C-400D-AE6F-EAA867D15185}.Debug|Any CPU.ActiveCfg = Debug|Any CPU
		{A5A38EDF-518C-400D-AE6F-EAA867D15185}.Debug|Any CPU.Build.0 = Debug|Any CPU
		{A5A38EDF-518C-400D-AE6F-EAA867D15185}.Release|Any CPU.ActiveCfg = Release|Any CPU
		{A5A38EDF-518C-400D-AE6F-EAA867D15185}.Release|Any CPU.Build.0 = Release|Any CPU
		{8856FB7B-9798-422F-803F-1F045273EA73}.Debug|Any CPU.ActiveCfg = Debug|Any CPU
		{8856FB7B-9798-422F-803F-1F045273EA73}.Debug|Any CPU.Build.0 = Debug|Any CPU
		{8856FB7B-9798-422F-803F-1F045273EA73}.Release|Any CPU.ActiveCfg = Release|Any CPU
		{8856FB7B-9798-422F-803F-1F045273EA73}.Release|Any CPU.Build.0 = Release|Any CPU
		{B18D4C0D-ECA5-4FB7-98DF-3B13E864AE93}.Debug|Any CPU.ActiveCfg = Debug|Any CPU
		{B18D4C0D-ECA5-4FB7-98DF-3B13E864AE93}.Debug|Any CPU.Build.0 = Debug|Any CPU
		{B18D4C0D-ECA5-4FB7-98DF-3B13E864AE93}.Release|Any CPU.ActiveCfg = Release|Any CPU
		{B18D4C0D-ECA5-4FB7-98DF-3B13E864AE93}.Release|Any CPU.Build.0 = Release|Any CPU
		{3FEDDE8B-876A-4F96-B53D-8C0135562047}.Debug|Any CPU.ActiveCfg = Debug|Any CPU
		{3FEDDE8B-876A-4F96-B53D-8C0135562047}.Debug|Any CPU.Build.0 = Debug|Any CPU
		{3FEDDE8B-876A-4F96-B53D-8C0135562047}.Release|Any CPU.ActiveCfg = Release|Any CPU
		{3FEDDE8B-876A-4F96-B53D-8C0135562047}.Release|Any CPU.Build.0 = Release|Any CPU
		{23BE4EA6-2CA7-49E9-83EE-002D0BD3DFD0}.Debug|Any CPU.ActiveCfg = Debug|Any CPU
		{23BE4EA6-2CA7-49E9-83EE-002D0BD3DFD0}.Debug|Any CPU.Build.0 = Debug|Any CPU
		{23BE4EA6-2CA7-49E9-83EE-002D0BD3DFD0}.Release|Any CPU.ActiveCfg = Release|Any CPU
		{23BE4EA6-2CA7-49E9-83EE-002D0BD3DFD0}.Release|Any CPU.Build.0 = Release|Any CPU
		{E1923B72-3A77-43B0-8680-48C9F05A03F2}.Debug|Any CPU.ActiveCfg = Debug|Any CPU
		{E1923B72-3A77-43B0-8680-48C9F05A03F2}.Debug|Any CPU.Build.0 = Debug|Any CPU
		{E1923B72-3A77-43B0-8680-48C9F05A03F2}.Release|Any CPU.ActiveCfg = Release|Any CPU
		{E1923B72-3A77-43B0-8680-48C9F05A03F2}.Release|Any CPU.Build.0 = Release|Any CPU
	EndGlobalSection
	GlobalSection(SolutionProperties) = preSolution
		HideSolutionNode = FALSE
	EndGlobalSection
	GlobalSection(ExtensibilityGlobals) = postSolution
		SolutionGuid = {67297C5A-06BC-4D04-A024-0061ADE0454F}
	EndGlobalSection
EndGlobal
