
Microsoft Visual Studio Solution File, Format Version 12.00
# Visual Studio Version 16
VisualStudioVersion = 16.0.30413.136
MinimumVisualStudioVersion = 10.0.40219.1
Project("{FAE04EC0-301F-11D3-BF4B-00C04F79EFBC}") = "SingleInheritance", "P1-SingleInheritance\SingleInheritance.csproj", "{33E1D3AD-CCB6-4A53-8750-8CFB6430E494}"
EndProject
Project("{FAE04EC0-301F-11D3-BF4B-00C04F79EFBC}") = "MultipleInheritance", "MultipleInheritance\MultipleInheritance.csproj", "{467F3361-EBA9-488B-8A0C-0E46B8616ED3}"
EndProject
Project("{FAE04EC0-301F-11D3-BF4B-00C04F79EFBC}") = "HierarchicalInheritance", "HierarchicalInheritance\HierarchicalInheritance.csproj", "{A0D5F455-F704-4EE4-9500-FE4279569ACB}"
EndProject
Project("{FAE04EC0-301F-11D3-BF4B-00C04F79EFBC}") = "RandomList", "RandomList\RandomList.csproj", "{6CEB1BFA-C2BD-4EC1-81F1-88D49D747FC5}"
EndProject
Project("{FAE04EC0-301F-11D3-BF4B-00C04F79EFBC}") = "StackofStrings", "StackofStrings\StackofStrings.csproj", "{2444517E-DFB1-438D-A2AA-A34A55148FDC}"
EndProject
Global
	GlobalSection(SolutionConfigurationPlatforms) = preSolution
		Debug|Any CPU = Debug|Any CPU
		Release|Any CPU = Release|Any CPU
	EndGlobalSection
	GlobalSection(ProjectConfigurationPlatforms) = postSolution
		{33E1D3AD-CCB6-4A53-8750-8CFB6430E494}.Debug|Any CPU.ActiveCfg = Debug|Any CPU
		{33E1D3AD-CCB6-4A53-8750-8CFB6430E494}.Debug|Any CPU.Build.0 = Debug|Any CPU
		{33E1D3AD-CCB6-4A53-8750-8CFB6430E494}.Release|Any CPU.ActiveCfg = Release|Any CPU
		{33E1D3AD-CCB6-4A53-8750-8CFB6430E494}.Release|Any CPU.Build.0 = Release|Any CPU
		{467F3361-EBA9-488B-8A0C-0E46B8616ED3}.Debug|Any CPU.ActiveCfg = Debug|Any CPU
		{467F3361-EBA9-488B-8A0C-0E46B8616ED3}.Debug|Any CPU.Build.0 = Debug|Any CPU
		{467F3361-EBA9-488B-8A0C-0E46B8616ED3}.Release|Any CPU.ActiveCfg = Release|Any CPU
		{467F3361-EBA9-488B-8A0C-0E46B8616ED3}.Release|Any CPU.Build.0 = Release|Any CPU
		{A0D5F455-F704-4EE4-9500-FE4279569ACB}.Debug|Any CPU.ActiveCfg = Debug|Any CPU
		{A0D5F455-F704-4EE4-9500-FE4279569ACB}.Debug|Any CPU.Build.0 = Debug|Any CPU
		{A0D5F455-F704-4EE4-9500-FE4279569ACB}.Release|Any CPU.ActiveCfg = Release|Any CPU
		{A0D5F455-F704-4EE4-9500-FE4279569ACB}.Release|Any CPU.Build.0 = Release|Any CPU
		{6CEB1BFA-C2BD-4EC1-81F1-88D49D747FC5}.Debug|Any CPU.ActiveCfg = Debug|Any CPU
		{6CEB1BFA-C2BD-4EC1-81F1-88D49D747FC5}.Debug|Any CPU.Build.0 = Debug|Any CPU
		{6CEB1BFA-C2BD-4EC1-81F1-88D49D747FC5}.Release|Any CPU.ActiveCfg = Release|Any CPU
		{6CEB1BFA-C2BD-4EC1-81F1-88D49D747FC5}.Release|Any CPU.Build.0 = Release|Any CPU
		{2444517E-DFB1-438D-A2AA-A34A55148FDC}.Debug|Any CPU.ActiveCfg = Debug|Any CPU
		{2444517E-DFB1-438D-A2AA-A34A55148FDC}.Debug|Any CPU.Build.0 = Debug|Any CPU
		{2444517E-DFB1-438D-A2AA-A34A55148FDC}.Release|Any CPU.ActiveCfg = Release|Any CPU
		{2444517E-DFB1-438D-A2AA-A34A55148FDC}.Release|Any CPU.Build.0 = Release|Any CPU
	EndGlobalSection
	GlobalSection(SolutionProperties) = preSolution
		HideSolutionNode = FALSE
	EndGlobalSection
	GlobalSection(ExtensibilityGlobals) = postSolution
		SolutionGuid = {413B28D1-820C-4BF9-B144-25033A70E58F}
	EndGlobalSection
EndGlobal
