
Microsoft Visual Studio Solution File, Format Version 12.00
# Visual Studio Version 16
VisualStudioVersion = 16.0.29709.97
MinimumVisualStudioVersion = 10.0.40219.1
Project("{FAE04EC0-301F-11D3-BF4B-00C04F79EFBC}") = "NumbersFrom1to100", "NumbersFrom1to100\NumbersFrom1to100.csproj", "{8E597AF8-7547-4DE3-8D8F-3A0508A0C66A}"
EndProject
Project("{FAE04EC0-301F-11D3-BF4B-00C04F79EFBC}") = "Numbers Nto1", "Numbers Nto1\Numbers Nto1.csproj", "{747E22BE-96E0-491F-BE59-81CB412A37A8}"
EndProject
Project("{FAE04EC0-301F-11D3-BF4B-00C04F79EFBC}") = "Numbers1toNwithStep3", "Numbers1toNwithStep3\Numbers1toNwithStep3.csproj", "{D0FE340F-1B06-43B4-82B4-8E7720A8F712}"
EndProject
Project("{FAE04EC0-301F-11D3-BF4B-00C04F79EFBC}") = "EvenPowersof2", "EvenPowersof2\EvenPowersof2.csproj", "{4293D415-45B5-4A62-84EB-2C7B85007A7F}"
EndProject
Project("{FAE04EC0-301F-11D3-BF4B-00C04F79EFBC}") = "CharacterSequence", "CharacterSequence\CharacterSequence.csproj", "{6A9A3DC7-38FF-4980-8F3C-3DF4F356CABE}"
EndProject
Project("{FAE04EC0-301F-11D3-BF4B-00C04F79EFBC}") = "VowelsSum", "VowelsSum\VowelsSum.csproj", "{E08B0515-5BFF-4A24-A507-D5FFE7921A38}"
EndProject
Project("{FAE04EC0-301F-11D3-BF4B-00C04F79EFBC}") = "SumNumbers", "SumNumbers\SumNumbers.csproj", "{A4A7DC67-9F88-4AB8-BB27-0248841E0B59}"
EndProject
Project("{FAE04EC0-301F-11D3-BF4B-00C04F79EFBC}") = "NumberSequence", "NumberSequence\NumberSequence.csproj", "{3DC17228-61EC-4E87-8443-333AFF9364B9}"
EndProject
Project("{FAE04EC0-301F-11D3-BF4B-00C04F79EFBC}") = "LeftandRightSum", "LeftandRightSum\LeftandRightSum.csproj", "{14E76A86-0A1F-4C36-83A2-7122C28B502B}"
EndProject
Project("{FAE04EC0-301F-11D3-BF4B-00C04F79EFBC}") = "OddEvenSum", "OddEvenSum\OddEvenSum.csproj", "{F3EA2FC3-9721-44E0-9806-B30B30AF019E}"
EndProject
Project("{FAE04EC0-301F-11D3-BF4B-00C04F79EFBC}") = "CleverLilly", "CleverLilly\CleverLilly.csproj", "{A723EE12-0B58-4D6F-9A26-9596533B310D}"
EndProject
Global
	GlobalSection(SolutionConfigurationPlatforms) = preSolution
		Debug|Any CPU = Debug|Any CPU
		Release|Any CPU = Release|Any CPU
	EndGlobalSection
	GlobalSection(ProjectConfigurationPlatforms) = postSolution
		{8E597AF8-7547-4DE3-8D8F-3A0508A0C66A}.Debug|Any CPU.ActiveCfg = Debug|Any CPU
		{8E597AF8-7547-4DE3-8D8F-3A0508A0C66A}.Debug|Any CPU.Build.0 = Debug|Any CPU
		{8E597AF8-7547-4DE3-8D8F-3A0508A0C66A}.Release|Any CPU.ActiveCfg = Release|Any CPU
		{8E597AF8-7547-4DE3-8D8F-3A0508A0C66A}.Release|Any CPU.Build.0 = Release|Any CPU
		{747E22BE-96E0-491F-BE59-81CB412A37A8}.Debug|Any CPU.ActiveCfg = Debug|Any CPU
		{747E22BE-96E0-491F-BE59-81CB412A37A8}.Debug|Any CPU.Build.0 = Debug|Any CPU
		{747E22BE-96E0-491F-BE59-81CB412A37A8}.Release|Any CPU.ActiveCfg = Release|Any CPU
		{747E22BE-96E0-491F-BE59-81CB412A37A8}.Release|Any CPU.Build.0 = Release|Any CPU
		{D0FE340F-1B06-43B4-82B4-8E7720A8F712}.Debug|Any CPU.ActiveCfg = Debug|Any CPU
		{D0FE340F-1B06-43B4-82B4-8E7720A8F712}.Debug|Any CPU.Build.0 = Debug|Any CPU
		{D0FE340F-1B06-43B4-82B4-8E7720A8F712}.Release|Any CPU.ActiveCfg = Release|Any CPU
		{D0FE340F-1B06-43B4-82B4-8E7720A8F712}.Release|Any CPU.Build.0 = Release|Any CPU
		{4293D415-45B5-4A62-84EB-2C7B85007A7F}.Debug|Any CPU.ActiveCfg = Debug|Any CPU
		{4293D415-45B5-4A62-84EB-2C7B85007A7F}.Debug|Any CPU.Build.0 = Debug|Any CPU
		{4293D415-45B5-4A62-84EB-2C7B85007A7F}.Release|Any CPU.ActiveCfg = Release|Any CPU
		{4293D415-45B5-4A62-84EB-2C7B85007A7F}.Release|Any CPU.Build.0 = Release|Any CPU
		{6A9A3DC7-38FF-4980-8F3C-3DF4F356CABE}.Debug|Any CPU.ActiveCfg = Debug|Any CPU
		{6A9A3DC7-38FF-4980-8F3C-3DF4F356CABE}.Debug|Any CPU.Build.0 = Debug|Any CPU
		{6A9A3DC7-38FF-4980-8F3C-3DF4F356CABE}.Release|Any CPU.ActiveCfg = Release|Any CPU
		{6A9A3DC7-38FF-4980-8F3C-3DF4F356CABE}.Release|Any CPU.Build.0 = Release|Any CPU
		{E08B0515-5BFF-4A24-A507-D5FFE7921A38}.Debug|Any CPU.ActiveCfg = Debug|Any CPU
		{E08B0515-5BFF-4A24-A507-D5FFE7921A38}.Debug|Any CPU.Build.0 = Debug|Any CPU
		{E08B0515-5BFF-4A24-A507-D5FFE7921A38}.Release|Any CPU.ActiveCfg = Release|Any CPU
		{E08B0515-5BFF-4A24-A507-D5FFE7921A38}.Release|Any CPU.Build.0 = Release|Any CPU
		{A4A7DC67-9F88-4AB8-BB27-0248841E0B59}.Debug|Any CPU.ActiveCfg = Debug|Any CPU
		{A4A7DC67-9F88-4AB8-BB27-0248841E0B59}.Debug|Any CPU.Build.0 = Debug|Any CPU
		{A4A7DC67-9F88-4AB8-BB27-0248841E0B59}.Release|Any CPU.ActiveCfg = Release|Any CPU
		{A4A7DC67-9F88-4AB8-BB27-0248841E0B59}.Release|Any CPU.Build.0 = Release|Any CPU
		{3DC17228-61EC-4E87-8443-333AFF9364B9}.Debug|Any CPU.ActiveCfg = Debug|Any CPU
		{3DC17228-61EC-4E87-8443-333AFF9364B9}.Debug|Any CPU.Build.0 = Debug|Any CPU
		{3DC17228-61EC-4E87-8443-333AFF9364B9}.Release|Any CPU.ActiveCfg = Release|Any CPU
		{3DC17228-61EC-4E87-8443-333AFF9364B9}.Release|Any CPU.Build.0 = Release|Any CPU
		{14E76A86-0A1F-4C36-83A2-7122C28B502B}.Debug|Any CPU.ActiveCfg = Debug|Any CPU
		{14E76A86-0A1F-4C36-83A2-7122C28B502B}.Debug|Any CPU.Build.0 = Debug|Any CPU
		{14E76A86-0A1F-4C36-83A2-7122C28B502B}.Release|Any CPU.ActiveCfg = Release|Any CPU
		{14E76A86-0A1F-4C36-83A2-7122C28B502B}.Release|Any CPU.Build.0 = Release|Any CPU
		{F3EA2FC3-9721-44E0-9806-B30B30AF019E}.Debug|Any CPU.ActiveCfg = Debug|Any CPU
		{F3EA2FC3-9721-44E0-9806-B30B30AF019E}.Debug|Any CPU.Build.0 = Debug|Any CPU
		{F3EA2FC3-9721-44E0-9806-B30B30AF019E}.Release|Any CPU.ActiveCfg = Release|Any CPU
		{F3EA2FC3-9721-44E0-9806-B30B30AF019E}.Release|Any CPU.Build.0 = Release|Any CPU
		{A723EE12-0B58-4D6F-9A26-9596533B310D}.Debug|Any CPU.ActiveCfg = Debug|Any CPU
		{A723EE12-0B58-4D6F-9A26-9596533B310D}.Debug|Any CPU.Build.0 = Debug|Any CPU
		{A723EE12-0B58-4D6F-9A26-9596533B310D}.Release|Any CPU.ActiveCfg = Release|Any CPU
		{A723EE12-0B58-4D6F-9A26-9596533B310D}.Release|Any CPU.Build.0 = Release|Any CPU
	EndGlobalSection
	GlobalSection(SolutionProperties) = preSolution
		HideSolutionNode = FALSE
	EndGlobalSection
	GlobalSection(ExtensibilityGlobals) = postSolution
		SolutionGuid = {079F6383-3D0F-4FF1-B19A-82B90C61FBE5}
	EndGlobalSection
EndGlobal
