
Microsoft Visual Studio Solution File, Format Version 12.00
# Visual Studio Version 16
VisualStudioVersion = 16.0.29709.97
MinimumVisualStudioVersion = 10.0.40219.1
Project("{9A19103F-16F7-4668-BE54-9A1E7A4F7556}") = "01. Savings", "01. Savings\01. Savings.csproj", "{37D1B4FC-BA1B-4267-AFEB-3F79204F3874}"
EndProject
Project("{9A19103F-16F7-4668-BE54-9A1E7A4F7556}") = "01. Lemonade Stand", "01. Lemonade Stand\01. Lemonade Stand.csproj", "{5E03CAA1-68B0-410F-9776-6E0D05E68E7C}"
EndProject
Project("{9A19103F-16F7-4668-BE54-9A1E7A4F7556}") = "02. Reservation", "02. Reservation\02. Reservation.csproj", "{08F98C82-498F-400E-A723-BD5B0BB4FDBC}"
EndProject
Project("{9A19103F-16F7-4668-BE54-9A1E7A4F7556}") = "02. Summer Shopping", "02. Summer Shopping\02. Summer Shopping.csproj", "{D68AEF7A-E241-4387-B55A-A6347E1EF604}"
EndProject
Project("{9A19103F-16F7-4668-BE54-9A1E7A4F7556}") = "03. Luggage Tax", "03. Luggage Tax\03. Luggage Tax.csproj", "{9575F755-1AB0-4160-AC92-EB630D38CBEA}"
EndProject
Project("{9A19103F-16F7-4668-BE54-9A1E7A4F7556}") = "03. Cruise Ship", "03. Cruise Ship\03. Cruise Ship.csproj", "{D4B78F74-D4F2-4B22-B4AA-9CB0EC75EA4F}"
EndProject
Project("{9A19103F-16F7-4668-BE54-9A1E7A4F7556}") = "04. Best Plane Tickets", "04. Best Plane Tickets\04. Best Plane Tickets.csproj", "{4DAD5093-4F28-49C2-8BDE-82AA54368C77}"
EndProject
Project("{9A19103F-16F7-4668-BE54-9A1E7A4F7556}") = "04. Darts Tournament", "04. Darts Tournament\04. Darts Tournament.csproj", "{68B85947-48F4-4C44-9750-50A4100E829E}"
EndProject
Project("{9A19103F-16F7-4668-BE54-9A1E7A4F7556}") = "05. Seats", "05. Seats\05. Seats.csproj", "{21871FF7-D7B9-4564-9258-83EA25A08645}"
EndProject
Project("{9A19103F-16F7-4668-BE54-9A1E7A4F7556}") = "05. Cruise Games", "05. Cruise Games\05. Cruise Games.csproj", "{3AB41F2F-6575-42AB-B75C-D3A576349B69}"
EndProject
Project("{FAE04EC0-301F-11D3-BF4B-00C04F79EFBC}") = "06. Baking Competition", "06. Baking Competition\06. Baking Competition.csproj", "{8F1D470E-26CB-48B4-AD0A-DFC919980D94}"
EndProject
Project("{FAE04EC0-301F-11D3-BF4B-00C04F79EFBC}") = "06. Trip Expenses", "06. Trip Expenses\06. Trip Expenses.csproj", "{37295A93-3BF5-44D2-926A-87AEDC705C0B}"
EndProject
Global
	GlobalSection(SolutionConfigurationPlatforms) = preSolution
		Debug|Any CPU = Debug|Any CPU
		Release|Any CPU = Release|Any CPU
	EndGlobalSection
	GlobalSection(ProjectConfigurationPlatforms) = postSolution
		{37D1B4FC-BA1B-4267-AFEB-3F79204F3874}.Debug|Any CPU.ActiveCfg = Debug|Any CPU
		{37D1B4FC-BA1B-4267-AFEB-3F79204F3874}.Debug|Any CPU.Build.0 = Debug|Any CPU
		{37D1B4FC-BA1B-4267-AFEB-3F79204F3874}.Release|Any CPU.ActiveCfg = Release|Any CPU
		{37D1B4FC-BA1B-4267-AFEB-3F79204F3874}.Release|Any CPU.Build.0 = Release|Any CPU
		{5E03CAA1-68B0-410F-9776-6E0D05E68E7C}.Debug|Any CPU.ActiveCfg = Debug|Any CPU
		{5E03CAA1-68B0-410F-9776-6E0D05E68E7C}.Debug|Any CPU.Build.0 = Debug|Any CPU
		{5E03CAA1-68B0-410F-9776-6E0D05E68E7C}.Release|Any CPU.ActiveCfg = Release|Any CPU
		{5E03CAA1-68B0-410F-9776-6E0D05E68E7C}.Release|Any CPU.Build.0 = Release|Any CPU
		{08F98C82-498F-400E-A723-BD5B0BB4FDBC}.Debug|Any CPU.ActiveCfg = Debug|Any CPU
		{08F98C82-498F-400E-A723-BD5B0BB4FDBC}.Debug|Any CPU.Build.0 = Debug|Any CPU
		{08F98C82-498F-400E-A723-BD5B0BB4FDBC}.Release|Any CPU.ActiveCfg = Release|Any CPU
		{08F98C82-498F-400E-A723-BD5B0BB4FDBC}.Release|Any CPU.Build.0 = Release|Any CPU
		{D68AEF7A-E241-4387-B55A-A6347E1EF604}.Debug|Any CPU.ActiveCfg = Debug|Any CPU
		{D68AEF7A-E241-4387-B55A-A6347E1EF604}.Debug|Any CPU.Build.0 = Debug|Any CPU
		{D68AEF7A-E241-4387-B55A-A6347E1EF604}.Release|Any CPU.ActiveCfg = Release|Any CPU
		{D68AEF7A-E241-4387-B55A-A6347E1EF604}.Release|Any CPU.Build.0 = Release|Any CPU
		{9575F755-1AB0-4160-AC92-EB630D38CBEA}.Debug|Any CPU.ActiveCfg = Debug|Any CPU
		{9575F755-1AB0-4160-AC92-EB630D38CBEA}.Debug|Any CPU.Build.0 = Debug|Any CPU
		{9575F755-1AB0-4160-AC92-EB630D38CBEA}.Release|Any CPU.ActiveCfg = Release|Any CPU
		{9575F755-1AB0-4160-AC92-EB630D38CBEA}.Release|Any CPU.Build.0 = Release|Any CPU
		{D4B78F74-D4F2-4B22-B4AA-9CB0EC75EA4F}.Debug|Any CPU.ActiveCfg = Debug|Any CPU
		{D4B78F74-D4F2-4B22-B4AA-9CB0EC75EA4F}.Debug|Any CPU.Build.0 = Debug|Any CPU
		{D4B78F74-D4F2-4B22-B4AA-9CB0EC75EA4F}.Release|Any CPU.ActiveCfg = Release|Any CPU
		{D4B78F74-D4F2-4B22-B4AA-9CB0EC75EA4F}.Release|Any CPU.Build.0 = Release|Any CPU
		{4DAD5093-4F28-49C2-8BDE-82AA54368C77}.Debug|Any CPU.ActiveCfg = Debug|Any CPU
		{4DAD5093-4F28-49C2-8BDE-82AA54368C77}.Debug|Any CPU.Build.0 = Debug|Any CPU
		{4DAD5093-4F28-49C2-8BDE-82AA54368C77}.Release|Any CPU.ActiveCfg = Release|Any CPU
		{4DAD5093-4F28-49C2-8BDE-82AA54368C77}.Release|Any CPU.Build.0 = Release|Any CPU
		{68B85947-48F4-4C44-9750-50A4100E829E}.Debug|Any CPU.ActiveCfg = Debug|Any CPU
		{68B85947-48F4-4C44-9750-50A4100E829E}.Debug|Any CPU.Build.0 = Debug|Any CPU
		{68B85947-48F4-4C44-9750-50A4100E829E}.Release|Any CPU.ActiveCfg = Release|Any CPU
		{68B85947-48F4-4C44-9750-50A4100E829E}.Release|Any CPU.Build.0 = Release|Any CPU
		{21871FF7-D7B9-4564-9258-83EA25A08645}.Debug|Any CPU.ActiveCfg = Debug|Any CPU
		{21871FF7-D7B9-4564-9258-83EA25A08645}.Debug|Any CPU.Build.0 = Debug|Any CPU
		{21871FF7-D7B9-4564-9258-83EA25A08645}.Release|Any CPU.ActiveCfg = Release|Any CPU
		{21871FF7-D7B9-4564-9258-83EA25A08645}.Release|Any CPU.Build.0 = Release|Any CPU
		{3AB41F2F-6575-42AB-B75C-D3A576349B69}.Debug|Any CPU.ActiveCfg = Debug|Any CPU
		{3AB41F2F-6575-42AB-B75C-D3A576349B69}.Debug|Any CPU.Build.0 = Debug|Any CPU
		{3AB41F2F-6575-42AB-B75C-D3A576349B69}.Release|Any CPU.ActiveCfg = Release|Any CPU
		{3AB41F2F-6575-42AB-B75C-D3A576349B69}.Release|Any CPU.Build.0 = Release|Any CPU
		{8F1D470E-26CB-48B4-AD0A-DFC919980D94}.Debug|Any CPU.ActiveCfg = Debug|Any CPU
		{8F1D470E-26CB-48B4-AD0A-DFC919980D94}.Debug|Any CPU.Build.0 = Debug|Any CPU
		{8F1D470E-26CB-48B4-AD0A-DFC919980D94}.Release|Any CPU.ActiveCfg = Release|Any CPU
		{8F1D470E-26CB-48B4-AD0A-DFC919980D94}.Release|Any CPU.Build.0 = Release|Any CPU
		{37295A93-3BF5-44D2-926A-87AEDC705C0B}.Debug|Any CPU.ActiveCfg = Debug|Any CPU
		{37295A93-3BF5-44D2-926A-87AEDC705C0B}.Debug|Any CPU.Build.0 = Debug|Any CPU
		{37295A93-3BF5-44D2-926A-87AEDC705C0B}.Release|Any CPU.ActiveCfg = Release|Any CPU
		{37295A93-3BF5-44D2-926A-87AEDC705C0B}.Release|Any CPU.Build.0 = Release|Any CPU
	EndGlobalSection
	GlobalSection(SolutionProperties) = preSolution
		HideSolutionNode = FALSE
	EndGlobalSection
	GlobalSection(ExtensibilityGlobals) = postSolution
		SolutionGuid = {D688DFD6-1FBE-4AD3-BCCB-9EE18D00F072}
	EndGlobalSection
EndGlobal
